{
  "requires": true,
  "lockfileVersion": 1,
  "dependencies": {
    "class-count": {
      "version": "1.0.10",
      "resolved": "https://registry.npmjs.org/class-count/-/class-count-1.0.10.tgz",
      "integrity": "sha512-GpzPrKdFN6ucEyeYc3Oe1U9Sg9n0wUb2qIAQZCi86HifWOIyPE/uAIn2xoxqr5TpGwpt2qEkUCHswVqAHJAA4Q=="
    }
  }
}
