{
  "requires": true,
  "lockfileVersion": 1,
  "dependencies": {
    "class-count": {
      "version": "1.0.7",
      "resolved": "https://registry.npmjs.org/class-count/-/class-count-1.0.7.tgz",
      "integrity": "sha512-QcQj/e5VAMY7WpR2UU3DH/ZQ3JPdxyPGgD6gFXBmqsN5HecaLy6mfoLj3xyHcmvmsunk6zysld6Lqqi7jZV1JQ=="
    }
  }
}
