{
  "requires": true,
  "lockfileVersion": 1,
  "dependencies": {
    "class-count": {
      "version": "1.0.8",
      "resolved": "https://registry.npmjs.org/class-count/-/class-count-1.0.8.tgz",
      "integrity": "sha512-LKrx6FQ5jCxLsrO7ScOY3yLZuSwrw7W/pUiYuaUbeQxS4vGOWX7Le8wMnvUVsptYGFlmb8so3mgH52TH7MRSHQ=="
    }
  }
}
